
Microsoft Visual Studio Solution File, Format Version 12.00
# Visual Studio Version 16
VisualStudioVersion = 16.0.31229.75
MinimumVisualStudioVersion = 10.0.40219.1
Project("{FAE04EC0-301F-11D3-BF4B-00C04F79EFBC}") = "Gateway", "Gateway\Gateway.csproj", "{C5C3947A-8083-4254-98F8-EDD5D55D8331}"
EndProject
Project("{FAE04EC0-301F-11D3-BF4B-00C04F79EFBC}") = "GatewayRest", "GatewayRest\GatewayRest.csproj", "{17F81060-8E56-44FA-9662-E24A965BBD1B}"
EndProject
Project("{FAE04EC0-301F-11D3-BF4B-00C04F79EFBC}") = "GatewayCommon", "GatewayCommon\GatewayCommon.csproj", "{51153F4D-7C7E-4FFA-A515-6552F4E20D14}"
EndProject
Global
	GlobalSection(SolutionConfigurationPlatforms) = preSolution
		Debug|Any CPU = Debug|Any CPU
		Release|Any CPU = Release|Any CPU
	EndGlobalSection
	GlobalSection(ProjectConfigurationPlatforms) = postSolution
		{C5C3947A-8083-4254-98F8-EDD5D55D8331}.Debug|Any CPU.ActiveCfg = Debug|Any CPU
		{C5C3947A-8083-4254-98F8-EDD5D55D8331}.Debug|Any CPU.Build.0 = Debug|Any CPU
		{C5C3947A-8083-4254-98F8-EDD5D55D8331}.Release|Any CPU.ActiveCfg = Release|Any CPU
		{C5C3947A-8083-4254-98F8-EDD5D55D8331}.Release|Any CPU.Build.0 = Release|Any CPU
		{17F81060-8E56-44FA-9662-E24A965BBD1B}.Debug|Any CPU.ActiveCfg = Debug|Any CPU
		{17F81060-8E56-44FA-9662-E24A965BBD1B}.Debug|Any CPU.Build.0 = Debug|Any CPU
		{17F81060-8E56-44FA-9662-E24A965BBD1B}.Release|Any CPU.ActiveCfg = Release|Any CPU
		{17F81060-8E56-44FA-9662-E24A965BBD1B}.Release|Any CPU.Build.0 = Release|Any CPU
		{51153F4D-7C7E-4FFA-A515-6552F4E20D14}.Debug|Any CPU.ActiveCfg = Debug|Any CPU
		{51153F4D-7C7E-4FFA-A515-6552F4E20D14}.Debug|Any CPU.Build.0 = Debug|Any CPU
		{51153F4D-7C7E-4FFA-A515-6552F4E20D14}.Release|Any CPU.ActiveCfg = Release|Any CPU
		{51153F4D-7C7E-4FFA-A515-6552F4E20D14}.Release|Any CPU.Build.0 = Release|Any CPU
	EndGlobalSection
	GlobalSection(SolutionProperties) = preSolution
		HideSolutionNode = FALSE
	EndGlobalSection
	GlobalSection(ExtensibilityGlobals) = postSolution
		SolutionGuid = {1881709D-1AB1-4831-85EB-424A2D76208F}
	EndGlobalSection
EndGlobal
